PODS:
  - "PoodleLibrary/NSMapTable+PDLExtension (0.0.1)"
  - "PoodleLibrary/NSObject+PDLAssociation (0.0.1)"
  - "PoodleLibrary/NSObject+PDLDebug (0.0.1)"
  - "PoodleLibrary/NSObject+PDLImplementationInterceptor (0.0.1)"
  - PoodleLibrary/pdl_backtrace (0.0.1):
    - PoodleLibrary/pdl_thread
  - PoodleLibrary/pdl_dispatch (0.0.1)
  - PoodleLibrary/pdl_mach_o_symbols (0.0.1):
    - PoodleLibrary/pdl_mach_object
  - PoodleLibrary/pdl_mach_object (0.0.1)
  - PoodleLibrary/pdl_thread (0.0.1)
  - PoodleLibrary/PDLBacktrace (0.0.1):
    - PoodleLibrary/pdl_backtrace
    - PoodleLibrary/PDLCrash
  - PoodleLibrary/PDLColor (0.0.1)
  - PoodleLibrary/PDLCrash (0.0.1):
    - PoodleLibrary/PDLSharedCache
    - PoodleLibrary/PDLSystemImage
  - PoodleLibrary/PDLDatabase (0.0.1)
  - PoodleLibrary/PDLFileSystem (0.0.1)
  - PoodleLibrary/PDLFileSystemViewController (0.0.1):
    - PoodleLibrary/PDLColor
    - PoodleLibrary/PDLCrash
    - PoodleLibrary/PDLDatabase
    - PoodleLibrary/PDLFileSystem
    - PoodleLibrary/PDLFormView
    - PoodleLibrary/PDLViewController
  - PoodleLibrary/PDLFormView (0.0.1):
    - "PoodleLibrary/NSMapTable+PDLExtension"
  - PoodleLibrary/PDLNonThreadSafeObserver (0.0.1):
    - "PoodleLibrary/NSObject+PDLDebug"
    - "PoodleLibrary/NSObject+PDLImplementationInterceptor"
    - PoodleLibrary/pdl_dispatch
    - PoodleLibrary/PDLBacktrace
    - PoodleLibrary/PDLCrash
    - PoodleLibrary/PDLPrivate
    - PoodleLibrary/PDLProcessInfo
  - PoodleLibrary/PDLPrivate (0.0.1)
  - PoodleLibrary/PDLProcessInfo (0.0.1)
  - PoodleLibrary/PDLSharedCache (0.0.1):
    - PoodleLibrary/pdl_mach_o_symbols
    - PoodleLibrary/pdl_mach_object
  - PoodleLibrary/PDLSystemImage (0.0.1):
    - PoodleLibrary/pdl_mach_object
  - PoodleLibrary/PDLViewController (0.0.1):
    - PoodleLibrary/PDLColor
  - "PoodleLibrary/UIViewController+PDLNavigationBar (0.0.1)"

DEPENDENCIES:
  - "PoodleLibrary/NSObject+PDLAssociation"
  - PoodleLibrary/PDLFileSystemViewController
  - PoodleLibrary/PDLNonThreadSafeObserver
  - "PoodleLibrary/UIViewController+PDLNavigationBar"

SPEC REPOS:
  https://github.com/CocoaPods/Specs.git:
    - PoodleLibrary

SPEC CHECKSUMS:
  PoodleLibrary: fdbd66552fe1c219ef1e538d8f2d12529a8f6a63

PODFILE CHECKSUM: ae313c6b76eced3cc7ce7b8b78515f589efee1f9

COCOAPODS: 1.11.2
